
Microsoft Visual Studio Solution File, Format Version 12.00
# Visual Studio Version 16
VisualStudioVersion = 16.0.32228.343
MinimumVisualStudioVersion = 10.0.40219.1
Project("{FAE04EC0-301F-11D3-BF4B-00C04F79EFBC}") = "MainMethod Submission", "MainMethod Submission\MainMethod Submission.csproj", "{981A43B9-E81C-46C6-BB06-6F906B6E828C}"
EndProject
Global
	GlobalSection(SolutionConfigurationPlatforms) = preSolution
		Debug|Any CPU = Debug|Any CPU
		Release|Any CPU = Release|Any CPU
	EndGlobalSection
	GlobalSection(ProjectConfigurationPlatforms) = postSolution
		{981A43B9-E81C-46C6-BB06-6F906B6E828C}.Debug|Any CPU.ActiveCfg = Debug|Any CPU
		{981A43B9-E81C-46C6-BB06-6F906B6E828C}.Debug|Any CPU.Build.0 = Debug|Any CPU
		{981A43B9-E81C-46C6-BB06-6F906B6E828C}.Release|Any CPU.ActiveCfg = Release|Any CPU
		{981A43B9-E81C-46C6-BB06-6F906B6E828C}.Release|Any CPU.Build.0 = Release|Any CPU
	EndGlobalSection
	GlobalSection(SolutionProperties) = preSolution
		HideSolutionNode = FALSE
	EndGlobalSection
	GlobalSection(ExtensibilityGlobals) = postSolution
		SolutionGuid = {B595D959-397F-4903-AEDC-2C03F535140B}
	EndGlobalSection
EndGlobal
