
Microsoft Visual Studio Solution File, Format Version 12.00
# Visual Studio Version 16
VisualStudioVersion = 16.0.32228.343
MinimumVisualStudioVersion = 10.0.40219.1
Project("{FAE04EC0-301F-11D3-BF4B-00C04F79EFBC}") = "Abstract Class Submission", "Abstract Class Submission\Abstract Class Submission.csproj", "{31F8B699-587B-4735-A9A4-18546C1AD063}"
EndProject
Global
	GlobalSection(SolutionConfigurationPlatforms) = preSolution
		Debug|Any CPU = Debug|Any CPU
		Release|Any CPU = Release|Any CPU
	EndGlobalSection
	GlobalSection(ProjectConfigurationPlatforms) = postSolution
		{31F8B699-587B-4735-A9A4-18546C1AD063}.Debug|Any CPU.ActiveCfg = Debug|Any CPU
		{31F8B699-587B-4735-A9A4-18546C1AD063}.Debug|Any CPU.Build.0 = Debug|Any CPU
		{31F8B699-587B-4735-A9A4-18546C1AD063}.Release|Any CPU.ActiveCfg = Release|Any CPU
		{31F8B699-587B-4735-A9A4-18546C1AD063}.Release|Any CPU.Build.0 = Release|Any CPU
	EndGlobalSection
	GlobalSection(SolutionProperties) = preSolution
		HideSolutionNode = FALSE
	EndGlobalSection
	GlobalSection(ExtensibilityGlobals) = postSolution
		SolutionGuid = {520E7F86-8584-4A90-A497-3CCF718A3437}
	EndGlobalSection
EndGlobal
