
Microsoft Visual Studio Solution File, Format Version 12.00
# Visual Studio Version 16
VisualStudioVersion = 16.0.32228.343
MinimumVisualStudioVersion = 10.0.40219.1
Project("{FAE04EC0-301F-11D3-BF4B-00C04F79EFBC}") = "NewsletterAppMVC", "NewsletteAppMVC\NewsletterAppMVC.csproj", "{2CFDDB82-9A19-4F32-B17C-422B5DBC9248}"
EndProject
Global
	GlobalSection(SolutionConfigurationPlatforms) = preSolution
		Debug|Any CPU = Debug|Any CPU
		Release|Any CPU = Release|Any CPU
	EndGlobalSection
	GlobalSection(ProjectConfigurationPlatforms) = postSolution
		{2CFDDB82-9A19-4F32-B17C-422B5DBC9248}.Debug|Any CPU.ActiveCfg = Debug|Any CPU
		{2CFDDB82-9A19-4F32-B17C-422B5DBC9248}.Debug|Any CPU.Build.0 = Debug|Any CPU
		{2CFDDB82-9A19-4F32-B17C-422B5DBC9248}.Release|Any CPU.ActiveCfg = Release|Any CPU
		{2CFDDB82-9A19-4F32-B17C-422B5DBC9248}.Release|Any CPU.Build.0 = Release|Any CPU
	EndGlobalSection
	GlobalSection(SolutionProperties) = preSolution
		HideSolutionNode = FALSE
	EndGlobalSection
	GlobalSection(ExtensibilityGlobals) = postSolution
		SolutionGuid = {3CA76BCF-7A1F-4757-8E1F-51E3EC7B0EA1}
	EndGlobalSection
EndGlobal
