
Microsoft Visual Studio Solution File, Format Version 12.00
# Visual Studio Version 16
VisualStudioVersion = 16.0.32228.343
MinimumVisualStudioVersion = 10.0.40219.1
Project("{FAE04EC0-301F-11D3-BF4B-00C04F79EFBC}") = "Method part3 submission", "Method part3 submission\Method part3 submission.csproj", "{6CE68512-43D5-473B-8901-FE3FEB0393A9}"
EndProject
Global
	GlobalSection(SolutionConfigurationPlatforms) = preSolution
		Debug|Any CPU = Debug|Any CPU
		Release|Any CPU = Release|Any CPU
	EndGlobalSection
	GlobalSection(ProjectConfigurationPlatforms) = postSolution
		{6CE68512-43D5-473B-8901-FE3FEB0393A9}.Debug|Any CPU.ActiveCfg = Debug|Any CPU
		{6CE68512-43D5-473B-8901-FE3FEB0393A9}.Debug|Any CPU.Build.0 = Debug|Any CPU
		{6CE68512-43D5-473B-8901-FE3FEB0393A9}.Release|Any CPU.ActiveCfg = Release|Any CPU
		{6CE68512-43D5-473B-8901-FE3FEB0393A9}.Release|Any CPU.Build.0 = Release|Any CPU
	EndGlobalSection
	GlobalSection(SolutionProperties) = preSolution
		HideSolutionNode = FALSE
	EndGlobalSection
	GlobalSection(ExtensibilityGlobals) = postSolution
		SolutionGuid = {DB879B10-09D6-423B-A1FE-B662C18F4174}
	EndGlobalSection
EndGlobal
